
Microsoft Visual Studio Solution File, Format Version 12.00
# Visual Studio Version 17
VisualStudioVersion = 17.10.35122.118
MinimumVisualStudioVersion = 10.0.40219.1
Project("{FAE04EC0-301F-11D3-BF4B-00C04F79EFBC}") = "Social-Media-App", "Social-Media-App.csproj", "{B365D21E-3336-4AC7-B8CF-A9EBDD1A452B}"
EndProject
Global
	GlobalSection(SolutionConfigurationPlatforms) = preSolution
		Debug|Any CPU = Debug|Any CPU
		Release|Any CPU = Release|Any CPU
	EndGlobalSection
	GlobalSection(ProjectConfigurationPlatforms) = postSolution
		{B365D21E-3336-4AC7-B8CF-A9EBDD1A452B}.Debug|Any CPU.ActiveCfg = Debug|Any CPU
		{B365D21E-3336-4AC7-B8CF-A9EBDD1A452B}.Debug|Any CPU.Build.0 = Debug|Any CPU
		{B365D21E-3336-4AC7-B8CF-A9EBDD1A452B}.Release|Any CPU.ActiveCfg = Release|Any CPU
		{B365D21E-3336-4AC7-B8CF-A9EBDD1A452B}.Release|Any CPU.Build.0 = Release|Any CPU
	EndGlobalSection
	GlobalSection(SolutionProperties) = preSolution
		HideSolutionNode = FALSE
	EndGlobalSection
	GlobalSection(ExtensibilityGlobals) = postSolution
		SolutionGuid = {F028D066-1101-4FA0-AE14-D44AA913E960}
	EndGlobalSection
EndGlobal
