
Microsoft Visual Studio Solution File, Format Version 12.00
# Visual Studio Version 17
VisualStudioVersion = 17.10.35122.118
MinimumVisualStudioVersion = 10.0.40219.1
Project("{9A19103F-16F7-4668-BE54-9A1E7A4F7556}") = "Application", "src\Application\Application.csproj", "{91CE9418-2604-4245-913D-5DCC17C64153}"
EndProject
Project("{9A19103F-16F7-4668-BE54-9A1E7A4F7556}") = "Domain", "src\Domain\Domain.csproj", "{97472AA5-D82B-4B04-8D6D-8699764D50D2}"
EndProject
Project("{9A19103F-16F7-4668-BE54-9A1E7A4F7556}") = "Infrastructure", "src\Infrastructure\Infrastructure.csproj", "{DE88FC07-41D9-4190-849E-7B91EFF006A7}"
EndProject
Project("{9A19103F-16F7-4668-BE54-9A1E7A4F7556}") = "Web", "src\Web\Web.csproj", "{532C58E8-C081-46DD-BE43-C0738D3067B4}"
EndProject
Project("{9A19103F-16F7-4668-BE54-9A1E7A4F7556}") = "Application.FunctionalTests", "tests\Application.FunctionalTests\Application.FunctionalTests.csproj", "{95AFF2AA-A3C5-4337-95A7-9027914C19BA}"
EndProject
Project("{FAE04EC0-301F-11D3-BF4B-00C04F79EFBC}") = "Application.UnitTests", "Application.UnitTests\Application.UnitTests.csproj", "{8AFC909F-A6A3-4052-B07C-676756843D3F}"
EndProject
Global
	GlobalSection(SolutionConfigurationPlatforms) = preSolution
		Debug|Any CPU = Debug|Any CPU
		Release|Any CPU = Release|Any CPU
	EndGlobalSection
	GlobalSection(ProjectConfigurationPlatforms) = postSolution
		{91CE9418-2604-4245-913D-5DCC17C64153}.Debug|Any CPU.ActiveCfg = Debug|Any CPU
		{91CE9418-2604-4245-913D-5DCC17C64153}.Debug|Any CPU.Build.0 = Debug|Any CPU
		{91CE9418-2604-4245-913D-5DCC17C64153}.Release|Any CPU.ActiveCfg = Release|Any CPU
		{91CE9418-2604-4245-913D-5DCC17C64153}.Release|Any CPU.Build.0 = Release|Any CPU
		{97472AA5-D82B-4B04-8D6D-8699764D50D2}.Debug|Any CPU.ActiveCfg = Debug|Any CPU
		{97472AA5-D82B-4B04-8D6D-8699764D50D2}.Debug|Any CPU.Build.0 = Debug|Any CPU
		{97472AA5-D82B-4B04-8D6D-8699764D50D2}.Release|Any CPU.ActiveCfg = Release|Any CPU
		{97472AA5-D82B-4B04-8D6D-8699764D50D2}.Release|Any CPU.Build.0 = Release|Any CPU
		{DE88FC07-41D9-4190-849E-7B91EFF006A7}.Debug|Any CPU.ActiveCfg = Debug|Any CPU
		{DE88FC07-41D9-4190-849E-7B91EFF006A7}.Debug|Any CPU.Build.0 = Debug|Any CPU
		{DE88FC07-41D9-4190-849E-7B91EFF006A7}.Release|Any CPU.ActiveCfg = Release|Any CPU
		{DE88FC07-41D9-4190-849E-7B91EFF006A7}.Release|Any CPU.Build.0 = Release|Any CPU
		{532C58E8-C081-46DD-BE43-C0738D3067B4}.Debug|Any CPU.ActiveCfg = Debug|Any CPU
		{532C58E8-C081-46DD-BE43-C0738D3067B4}.Debug|Any CPU.Build.0 = Debug|Any CPU
		{532C58E8-C081-46DD-BE43-C0738D3067B4}.Release|Any CPU.ActiveCfg = Release|Any CPU
		{532C58E8-C081-46DD-BE43-C0738D3067B4}.Release|Any CPU.Build.0 = Release|Any CPU
		{95AFF2AA-A3C5-4337-95A7-9027914C19BA}.Debug|Any CPU.ActiveCfg = Debug|Any CPU
		{95AFF2AA-A3C5-4337-95A7-9027914C19BA}.Debug|Any CPU.Build.0 = Debug|Any CPU
		{95AFF2AA-A3C5-4337-95A7-9027914C19BA}.Release|Any CPU.ActiveCfg = Release|Any CPU
		{95AFF2AA-A3C5-4337-95A7-9027914C19BA}.Release|Any CPU.Build.0 = Release|Any CPU
		{8AFC909F-A6A3-4052-B07C-676756843D3F}.Debug|Any CPU.ActiveCfg = Debug|Any CPU
		{8AFC909F-A6A3-4052-B07C-676756843D3F}.Debug|Any CPU.Build.0 = Debug|Any CPU
		{8AFC909F-A6A3-4052-B07C-676756843D3F}.Release|Any CPU.ActiveCfg = Release|Any CPU
		{8AFC909F-A6A3-4052-B07C-676756843D3F}.Release|Any CPU.Build.0 = Release|Any CPU
	EndGlobalSection
	GlobalSection(SolutionProperties) = preSolution
		HideSolutionNode = FALSE
	EndGlobalSection
	GlobalSection(ExtensibilityGlobals) = postSolution
		SolutionGuid = {F3931B3F-C5E9-4FE1-9F47-3360D24D51B7}
	EndGlobalSection
EndGlobal
